
Microsoft Visual Studio Solution File, Format Version 12.00
# Visual Studio Version 17
VisualStudioVersion = 17.4.33205.214
MinimumVisualStudioVersion = 10.0.40219.1
Project("{FAE04EC0-301F-11D3-BF4B-00C04F79EFBC}") = "CountriesHolidaysApi", "CountriesHolidaysApi\CountriesHolidaysApi.csproj", "{10AD35E5-3A74-40C1-8A04-193EACE4200B}"
EndProject
Global
	GlobalSection(SolutionConfigurationPlatforms) = preSolution
		Debug|Any CPU = Debug|Any CPU
		Release|Any CPU = Release|Any CPU
	EndGlobalSection
	GlobalSection(ProjectConfigurationPlatforms) = postSolution
		{10AD35E5-3A74-40C1-8A04-193EACE4200B}.Debug|Any CPU.ActiveCfg = Debug|Any CPU
		{10AD35E5-3A74-40C1-8A04-193EACE4200B}.Debug|Any CPU.Build.0 = Debug|Any CPU
		{10AD35E5-3A74-40C1-8A04-193EACE4200B}.Release|Any CPU.ActiveCfg = Release|Any CPU
		{10AD35E5-3A74-40C1-8A04-193EACE4200B}.Release|Any CPU.Build.0 = Release|Any CPU
	EndGlobalSection
	GlobalSection(SolutionProperties) = preSolution
		HideSolutionNode = FALSE
	EndGlobalSection
	GlobalSection(ExtensibilityGlobals) = postSolution
		SolutionGuid = {8F81E458-60C8-4BA0-A866-D8476FC7EC0D}
	EndGlobalSection
EndGlobal
